
Microsoft Visual Studio Solution File, Format Version 12.00
# Visual Studio 15
VisualStudioVersion = 15.0.28307.1758
MinimumVisualStudioVersion = 10.0.40219.1
Project("{FAE04EC0-301F-11D3-BF4B-00C04F79EFBC}") = "CameraGrabData", "CameraGrabData\CameraGrabData.csproj", "{B488DEC9-8CAA-4AD1-8829-BDAF792EC376}"
EndProject
Global
	GlobalSection(SolutionConfigurationPlatforms) = preSolution
		Debug|Any CPU = Debug|Any CPU
		Release|Any CPU = Release|Any CPU
	EndGlobalSection
	GlobalSection(ProjectConfigurationPlatforms) = postSolution
		{B488DEC9-8CAA-4AD1-8829-BDAF792EC376}.Debug|Any CPU.ActiveCfg = Debug|Any CPU
		{B488DEC9-8CAA-4AD1-8829-BDAF792EC376}.Debug|Any CPU.Build.0 = Debug|Any CPU
		{B488DEC9-8CAA-4AD1-8829-BDAF792EC376}.Release|Any CPU.ActiveCfg = Release|Any CPU
		{B488DEC9-8CAA-4AD1-8829-BDAF792EC376}.Release|Any CPU.Build.0 = Release|Any CPU
	EndGlobalSection
	GlobalSection(SolutionProperties) = preSolution
		HideSolutionNode = FALSE
	EndGlobalSection
	GlobalSection(ExtensibilityGlobals) = postSolution
		SolutionGuid = {18D4BC36-4386-48F2-B2D6-362CC2028E83}
	EndGlobalSection
EndGlobal
